
Microsoft Visual Studio Solution File, Format Version 12.00
# Visual Studio Version 17
VisualStudioVersion = 17.4.33213.308
MinimumVisualStudioVersion = 10.0.40219.1
Project("{8BC9CEB8-8B4A-11D0-8D11-00A0C91BC942}") = "GeneticAlgorithm", "GeneticAlgorithm\GeneticAlgorithm.vcxproj", "{AE2D9B20-4F8F-4132-9DD8-49BD087CEE8E}"
EndProject
Global
	GlobalSection(SolutionConfigurationPlatforms) = preSolution
		Debug|x64 = Debug|x64
		Debug|x86 = Debug|x86
		Release|x64 = Release|x64
		Release|x86 = Release|x86
	EndGlobalSection
	GlobalSection(ProjectConfigurationPlatforms) = postSolution
		{AE2D9B20-4F8F-4132-9DD8-49BD087CEE8E}.Debug|x64.ActiveCfg = Debug|x64
		{AE2D9B20-4F8F-4132-9DD8-49BD087CEE8E}.Debug|x64.Build.0 = Debug|x64
		{AE2D9B20-4F8F-4132-9DD8-49BD087CEE8E}.Debug|x86.ActiveCfg = Debug|Win32
		{AE2D9B20-4F8F-4132-9DD8-49BD087CEE8E}.Debug|x86.Build.0 = Debug|Win32
		{AE2D9B20-4F8F-4132-9DD8-49BD087CEE8E}.Release|x64.ActiveCfg = Release|x64
		{AE2D9B20-4F8F-4132-9DD8-49BD087CEE8E}.Release|x64.Build.0 = Release|x64
		{AE2D9B20-4F8F-4132-9DD8-49BD087CEE8E}.Release|x86.ActiveCfg = Release|Win32
		{AE2D9B20-4F8F-4132-9DD8-49BD087CEE8E}.Release|x86.Build.0 = Release|Win32
	EndGlobalSection
	GlobalSection(SolutionProperties) = preSolution
		HideSolutionNode = FALSE
	EndGlobalSection
	GlobalSection(ExtensibilityGlobals) = postSolution
		SolutionGuid = {5287166B-BDDE-46F2-B180-874E5E302AFF}
	EndGlobalSection
EndGlobal
